
Microsoft Visual Studio Solution File, Format Version 12.00
# Visual Studio Version 17
VisualStudioVersion = 17.8.0

Project("{FAE04EC0-301F-11D3-BF4B-00C04F79EFBC}") = "WeaveLLM.Core", "src\WeaveLLM.Core\WeaveLLM.Core.csproj", "{11111111-0000-0000-0000-000000000001}"
EndProject
Project("{FAE04EC0-301F-11D3-BF4B-00C04F79EFBC}") = "WeaveLLM.Providers", "src\WeaveLLM.Providers\WeaveLLM.Providers.csproj", "{11111111-0000-0000-0000-000000000002}"
EndProject
Project("{FAE04EC0-301F-11D3-BF4B-00C04F79EFBC}") = "WeaveLLM.Memory", "src\WeaveLLM.Memory\WeaveLLM.Memory.csproj", "{11111111-0000-0000-0000-000000000003}"
EndProject
Project("{FAE04EC0-301F-11D3-BF4B-00C04F79EFBC}") = "WeaveLLM.Observability", "src\WeaveLLM.Observability\WeaveLLM.Observability.csproj", "{11111111-0000-0000-0000-000000000004}"
EndProject
Project("{FAE04EC0-301F-11D3-BF4B-00C04F79EFBC}") = "WeaveLLM.Extensions.DependencyInjection", "src\WeaveLLM.Extensions.DependencyInjection\WeaveLLM.Extensions.DependencyInjection.csproj", "{11111111-0000-0000-0000-000000000005}"
EndProject
Project("{FAE04EC0-301F-11D3-BF4B-00C04F79EFBC}") = "WeaveLLM.Sample.BasicChain", "samples\WeaveLLM.Sample.BasicChain\WeaveLLM.Sample.BasicChain.csproj", "{11111111-0000-0000-0000-000000000006}"
EndProject
Project("{FAE04EC0-301F-11D3-BF4B-00C04F79EFBC}") = "WeaveLLM.Core.Tests", "tests\WeaveLLM.Core.Tests\WeaveLLM.Core.Tests.csproj", "{11111111-0000-0000-0000-000000000007}"
EndProject
Project("{FAE04EC0-301F-11D3-BF4B-00C04F79EFBC}") = "WeaveLLM.Providers.Tests", "tests\WeaveLLM.Providers.Tests\WeaveLLM.Providers.Tests.csproj", "{11111111-0000-0000-0000-000000000008}"
EndProject
Project("{FAE04EC0-301F-11D3-BF4B-00C04F79EFBC}") = "WeaveLLM.Memory.Tests", "tests\WeaveLLM.Memory.Tests\WeaveLLM.Memory.Tests.csproj", "{11111111-0000-0000-0000-000000000009}"
EndProject
Project("{FAE04EC0-301F-11D3-BF4B-00C04F79EFBC}") = "WeaveLLM.Observability.Tests", "tests\WeaveLLM.Observability.Tests\WeaveLLM.Observability.Tests.csproj", "{11111111-0000-0000-0000-00000000000B}"
EndProject
Project("{FAE04EC0-301F-11D3-BF4B-00C04F79EFBC}") = "ChatWithDocs", "samples\ChatWithDocs\ChatWithDocs.csproj", "{11111111-0000-0000-0000-00000000000A}"
EndProject
Project("{FAE04EC0-301F-11D3-BF4B-00C04F79EFBC}") = "WeaveLLM.IntegrationTests", "tests\WeaveLLM.IntegrationTests\WeaveLLM.IntegrationTests.csproj", "{11111111-0000-0000-0000-00000000000C}"
EndProject

Global
    GlobalSection(SolutionConfigurationPlatforms) = preSolution
        Debug|Any CPU = Debug|Any CPU
        Release|Any CPU = Release|Any CPU
    EndGlobalSection
    GlobalSection(ProjectConfigurationPlatforms) = postSolution
        {11111111-0000-0000-0000-000000000001}.Debug|Any CPU.ActiveCfg = Debug|Any CPU
        {11111111-0000-0000-0000-000000000001}.Debug|Any CPU.Build.0 = Debug|Any CPU
        {11111111-0000-0000-0000-000000000001}.Release|Any CPU.ActiveCfg = Release|Any CPU
        {11111111-0000-0000-0000-000000000001}.Release|Any CPU.Build.0 = Release|Any CPU
        {11111111-0000-0000-0000-000000000002}.Debug|Any CPU.ActiveCfg = Debug|Any CPU
        {11111111-0000-0000-0000-000000000002}.Debug|Any CPU.Build.0 = Debug|Any CPU
        {11111111-0000-0000-0000-000000000002}.Release|Any CPU.ActiveCfg = Release|Any CPU
        {11111111-0000-0000-0000-000000000002}.Release|Any CPU.Build.0 = Release|Any CPU
        {11111111-0000-0000-0000-000000000003}.Debug|Any CPU.ActiveCfg = Debug|Any CPU
        {11111111-0000-0000-0000-000000000003}.Debug|Any CPU.Build.0 = Debug|Any CPU
        {11111111-0000-0000-0000-000000000003}.Release|Any CPU.ActiveCfg = Release|Any CPU
        {11111111-0000-0000-0000-000000000003}.Release|Any CPU.Build.0 = Release|Any CPU
        {11111111-0000-0000-0000-000000000004}.Debug|Any CPU.ActiveCfg = Debug|Any CPU
        {11111111-0000-0000-0000-000000000004}.Debug|Any CPU.Build.0 = Debug|Any CPU
        {11111111-0000-0000-0000-000000000004}.Release|Any CPU.ActiveCfg = Release|Any CPU
        {11111111-0000-0000-0000-000000000004}.Release|Any CPU.Build.0 = Release|Any CPU
        {11111111-0000-0000-0000-000000000005}.Debug|Any CPU.ActiveCfg = Debug|Any CPU
        {11111111-0000-0000-0000-000000000005}.Debug|Any CPU.Build.0 = Debug|Any CPU
        {11111111-0000-0000-0000-000000000005}.Release|Any CPU.ActiveCfg = Release|Any CPU
        {11111111-0000-0000-0000-000000000005}.Release|Any CPU.Build.0 = Release|Any CPU
        {11111111-0000-0000-0000-000000000006}.Debug|Any CPU.ActiveCfg = Debug|Any CPU
        {11111111-0000-0000-0000-000000000006}.Debug|Any CPU.Build.0 = Debug|Any CPU
        {11111111-0000-0000-0000-000000000006}.Release|Any CPU.ActiveCfg = Release|Any CPU
        {11111111-0000-0000-0000-000000000006}.Release|Any CPU.Build.0 = Release|Any CPU
        {11111111-0000-0000-0000-000000000007}.Debug|Any CPU.ActiveCfg = Debug|Any CPU
        {11111111-0000-0000-0000-000000000007}.Debug|Any CPU.Build.0 = Debug|Any CPU
        {11111111-0000-0000-0000-000000000007}.Release|Any CPU.ActiveCfg = Release|Any CPU
        {11111111-0000-0000-0000-000000000007}.Release|Any CPU.Build.0 = Release|Any CPU
        {11111111-0000-0000-0000-000000000008}.Debug|Any CPU.ActiveCfg = Debug|Any CPU
        {11111111-0000-0000-0000-000000000008}.Debug|Any CPU.Build.0 = Debug|Any CPU
        {11111111-0000-0000-0000-000000000008}.Release|Any CPU.ActiveCfg = Release|Any CPU
        {11111111-0000-0000-0000-000000000008}.Release|Any CPU.Build.0 = Release|Any CPU
        {11111111-0000-0000-0000-000000000009}.Debug|Any CPU.ActiveCfg = Debug|Any CPU
        {11111111-0000-0000-0000-000000000009}.Debug|Any CPU.Build.0 = Debug|Any CPU
        {11111111-0000-0000-0000-000000000009}.Release|Any CPU.ActiveCfg = Release|Any CPU
        {11111111-0000-0000-0000-000000000009}.Release|Any CPU.Build.0 = Release|Any CPU
        {11111111-0000-0000-0000-00000000000A}.Debug|Any CPU.ActiveCfg = Debug|Any CPU
        {11111111-0000-0000-0000-00000000000A}.Debug|Any CPU.Build.0 = Debug|Any CPU
        {11111111-0000-0000-0000-00000000000A}.Release|Any CPU.ActiveCfg = Release|Any CPU
        {11111111-0000-0000-0000-00000000000A}.Release|Any CPU.Build.0 = Release|Any CPU
        {11111111-0000-0000-0000-00000000000B}.Debug|Any CPU.ActiveCfg = Debug|Any CPU
        {11111111-0000-0000-0000-00000000000B}.Debug|Any CPU.Build.0 = Debug|Any CPU
        {11111111-0000-0000-0000-00000000000B}.Release|Any CPU.ActiveCfg = Release|Any CPU
        {11111111-0000-0000-0000-00000000000B}.Release|Any CPU.Build.0 = Release|Any CPU
        {11111111-0000-0000-0000-00000000000C}.Debug|Any CPU.ActiveCfg = Debug|Any CPU
        {11111111-0000-0000-0000-00000000000C}.Debug|Any CPU.Build.0 = Debug|Any CPU
        {11111111-0000-0000-0000-00000000000C}.Release|Any CPU.ActiveCfg = Release|Any CPU
        {11111111-0000-0000-0000-00000000000C}.Release|Any CPU.Build.0 = Release|Any CPU
    EndGlobalSection
EndGlobal
